Microsoft Visual Studio Solution File, Format Version 12.00
# Visual Studio Version 16
VisualStudioVersion = 16.0.29411.108
MinimumVisualStudioVersion = 10.0.40219.1
Project("{9A19103F-16F7-4668-BE54-9A1E7A4F7556}") = "DBTemplateHandler.Core", "DBTemplateHandler.Core\DBTemplateHandler.Core.csproj", "{D306F3A7-B67A-451B-B691-7A17C74A5CB7}"
EndProject
Project("{9A19103F-16F7-4668-BE54-9A1E7A4F7556}") = "DBTemplateHandler.Api", "DBTemplateHandler.Api\DBTemplateHandler.Api.csproj", "{1036B733-2C17-4CFF-AB32-2DB3E8045581}"
EndProject
Project("{9A19103F-16F7-4668-BE54-9A1E7A4F7556}") = "DBTemplateHandler.Core.UnitTests", "DBTemplateHandler.Core.UnitTests\DBTemplateHandler.Core.UnitTests.csproj", "{2F1D9AEC-AE10-4E5F-83BF-8DAE2516E5F0}"
EndProject
Project("{9A19103F-16F7-4668-BE54-9A1E7A4F7556}") = "DBTemplateHandler.Service.Contracts", "DBTemplateHandler.Service.Contracts\DBTemplateHandler.Service.Contracts.csproj", "{CE6AD450-1E8D-4BF1-A607-F7E74996FD15}"
EndProject
Project("{9A19103F-16F7-4668-BE54-9A1E7A4F7556}") = "DBTemplateHandler.Studio", "DBTemplateHandler.Studio\DBTemplateHandler.Studio.csproj", "{CE6DB42A-C1B8-47BF-BBD2-E10AF8F71B21}"
EndProject
Project("{9A19103F-16F7-4668-BE54-9A1E7A4F7556}") = "DBTemplateHandler.Persistance", "DBTemplateHandler.Persistance\DBTemplateHandler.Persistance.csproj", "{B6B041DF-5C32-4F0B-88A3-96D02C741CA7}"
EndProject
Project("{9A19103F-16F7-4668-BE54-9A1E7A4F7556}") = "DBTemplateHandler.Ace.Editor.Tools.Core", "DBTemplateHandler.Ace.Editor.Tools.Core\DBTemplateHandler.Ace.Editor.Tools.Core.csproj", "{57CB3A16-42EA-488F-A336-ACDA110EFA7C}"
EndProject
Project("{9A19103F-16F7-4668-BE54-9A1E7A4F7556}") = "DBTemplateHandler.Ace.Editor.Tools.Core.UnitTests", "DBTemplateHandler.Ace.Editor.Tools.Core.UnitTests\DBTemplateHandler.Ace.Editor.Tools.Core.UnitTests.csproj", "{950E358F-0331-4E54-B624-F3A776DAFB9D}"
EndProject
Project("{9A19103F-16F7-4668-BE54-9A1E7A4F7556}") = "DBTemplateHandler.Studio.Deployment", "DBTemplateHandler.Studio.Deployment\DBTemplateHandler.Studio.Deployment.csproj", "{3F703768-F9CF-4E20-8FAD-691F600E2FB2}"
EndProject
Project("{9A19103F-16F7-4668-BE54-9A1E7A4F7556}") = "DBTemplateHander.DatabaseModel.Import", "DBTemplateHander.DatabaseModel.Import\DBTemplateHander.DatabaseModel.Import.csproj", "{E5C58AF6-EBE4-48A6-A5B6-CA40533FBB8B}"
EndProject
Project("{9A19103F-16F7-4668-BE54-9A1E7A4F7556}") = "DBTemplateHandler.DatabaseModel.Import.IntegrationTests", "DBTemplateHandler.DatabaseModel.Import.IntegrationTests\DBTemplateHandler.DatabaseModel.Import.IntegrationTests.csproj", "{E8DC2833-251D-47C2-BEE9-3F000D24F884}"
EndProject
Project("{FAE04EC0-301F-11D3-BF4B-00C04F79EFBC}") = "DBTemplateHandler.Utils", "DBTemplateHandler.Utils\DBTemplateHandler.Utils.csproj", "{3BAA1549-24B9-435A-9DF2-E09F54EAEE68}"
EndProject
Global
	GlobalSection(SolutionConfigurationPlatforms) = preSolution
		Debug|Any CPU = Debug|Any CPU
		Release|Any CPU = Release|Any CPU
	EndGlobalSection
	GlobalSection(ProjectConfigurationPlatforms) = postSolution
		{D306F3A7-B67A-451B-B691-7A17C74A5CB7}.Debug|Any CPU.ActiveCfg = Debug|Any CPU
		{D306F3A7-B67A-451B-B691-7A17C74A5CB7}.Debug|Any CPU.Build.0 = Debug|Any CPU
		{D306F3A7-B67A-451B-B691-7A17C74A5CB7}.Release|Any CPU.ActiveCfg = Release|Any CPU
		{D306F3A7-B67A-451B-B691-7A17C74A5CB7}.Release|Any CPU.Build.0 = Release|Any CPU
		{1036B733-2C17-4CFF-AB32-2DB3E8045581}.Debug|Any CPU.ActiveCfg = Debug|Any CPU
		{1036B733-2C17-4CFF-AB32-2DB3E8045581}.Debug|Any CPU.Build.0 = Debug|Any CPU
		{1036B733-2C17-4CFF-AB32-2DB3E8045581}.Release|Any CPU.ActiveCfg = Release|Any CPU
		{1036B733-2C17-4CFF-AB32-2DB3E8045581}.Release|Any CPU.Build.0 = Release|Any CPU
		{2F1D9AEC-AE10-4E5F-83BF-8DAE2516E5F0}.Debug|Any CPU.ActiveCfg = Debug|Any CPU
		{2F1D9AEC-AE10-4E5F-83BF-8DAE2516E5F0}.Debug|Any CPU.Build.0 = Debug|Any CPU
		{2F1D9AEC-AE10-4E5F-83BF-8DAE2516E5F0}.Release|Any CPU.ActiveCfg = Release|Any CPU
		{2F1D9AEC-AE10-4E5F-83BF-8DAE2516E5F0}.Release|Any CPU.Build.0 = Release|Any CPU
		{CE6AD450-1E8D-4BF1-A607-F7E74996FD15}.Debug|Any CPU.ActiveCfg = Debug|Any CPU
		{CE6AD450-1E8D-4BF1-A607-F7E74996FD15}.Debug|Any CPU.Build.0 = Debug|Any CPU
		{CE6AD450-1E8D-4BF1-A607-F7E74996FD15}.Release|Any CPU.ActiveCfg = Release|Any CPU
		{CE6AD450-1E8D-4BF1-A607-F7E74996FD15}.Release|Any CPU.Build.0 = Release|Any CPU
		{CE6DB42A-C1B8-47BF-BBD2-E10AF8F71B21}.Debug|Any CPU.ActiveCfg = Debug|Any CPU
		{CE6DB42A-C1B8-47BF-BBD2-E10AF8F71B21}.Debug|Any CPU.Build.0 = Debug|Any CPU
		{CE6DB42A-C1B8-47BF-BBD2-E10AF8F71B21}.Release|Any CPU.ActiveCfg = Release|Any CPU
		{CE6DB42A-C1B8-47BF-BBD2-E10AF8F71B21}.Release|Any CPU.Build.0 = Release|Any CPU
		{B6B041DF-5C32-4F0B-88A3-96D02C741CA7}.Debug|Any CPU.ActiveCfg = Debug|Any CPU
		{B6B041DF-5C32-4F0B-88A3-96D02C741CA7}.Debug|Any CPU.Build.0 = Debug|Any CPU
		{B6B041DF-5C32-4F0B-88A3-96D02C741CA7}.Release|Any CPU.ActiveCfg = Release|Any CPU
		{B6B041DF-5C32-4F0B-88A3-96D02C741CA7}.Release|Any CPU.Build.0 = Release|Any CPU
		{57CB3A16-42EA-488F-A336-ACDA110EFA7C}.Debug|Any CPU.ActiveCfg = Debug|Any CPU
		{57CB3A16-42EA-488F-A336-ACDA110EFA7C}.Debug|Any CPU.Build.0 = Debug|Any CPU
		{57CB3A16-42EA-488F-A336-ACDA110EFA7C}.Release|Any CPU.ActiveCfg = Release|Any CPU
		{57CB3A16-42EA-488F-A336-ACDA110EFA7C}.Release|Any CPU.Build.0 = Release|Any CPU
		{950E358F-0331-4E54-B624-F3A776DAFB9D}.Debug|Any CPU.ActiveCfg = Debug|Any CPU
		{950E358F-0331-4E54-B624-F3A776DAFB9D}.Debug|Any CPU.Build.0 = Debug|Any CPU
		{950E358F-0331-4E54-B624-F3A776DAFB9D}.Release|Any CPU.ActiveCfg = Release|Any CPU
		{950E358F-0331-4E54-B624-F3A776DAFB9D}.Release|Any CPU.Build.0 = Release|Any CPU
		{3F703768-F9CF-4E20-8FAD-691F600E2FB2}.Debug|Any CPU.ActiveCfg = Debug|Any CPU
		{3F703768-F9CF-4E20-8FAD-691F600E2FB2}.Debug|Any CPU.Build.0 = Debug|Any CPU
		{3F703768-F9CF-4E20-8FAD-691F600E2FB2}.Release|Any CPU.ActiveCfg = Release|Any CPU
		{3F703768-F9CF-4E20-8FAD-691F600E2FB2}.Release|Any CPU.Build.0 = Release|Any CPU
		{E5C58AF6-EBE4-48A6-A5B6-CA40533FBB8B}.Debug|Any CPU.ActiveCfg = Debug|Any CPU
		{E5C58AF6-EBE4-48A6-A5B6-CA40533FBB8B}.Debug|Any CPU.Build.0 = Debug|Any CPU
		{E5C58AF6-EBE4-48A6-A5B6-CA40533FBB8B}.Release|Any CPU.ActiveCfg = Release|Any CPU
		{E5C58AF6-EBE4-48A6-A5B6-CA40533FBB8B}.Release|Any CPU.Build.0 = Release|Any CPU
		{E8DC2833-251D-47C2-BEE9-3F000D24F884}.Debug|Any CPU.ActiveCfg = Debug|Any CPU
		{E8DC2833-251D-47C2-BEE9-3F000D24F884}.Debug|Any CPU.Build.0 = Debug|Any CPU
		{E8DC2833-251D-47C2-BEE9-3F000D24F884}.Release|Any CPU.ActiveCfg = Release|Any CPU
		{E8DC2833-251D-47C2-BEE9-3F000D24F884}.Release|Any CPU.Build.0 = Release|Any CPU
		{3BAA1549-24B9-435A-9DF2-E09F54EAEE68}.Debug|Any CPU.ActiveCfg = Debug|Any CPU
		{3BAA1549-24B9-435A-9DF2-E09F54EAEE68}.Debug|Any CPU.Build.0 = Debug|Any CPU
		{3BAA1549-24B9-435A-9DF2-E09F54EAEE68}.Release|Any CPU.ActiveCfg = Release|Any CPU
		{3BAA1549-24B9-435A-9DF2-E09F54EAEE68}.Release|Any CPU.Build.0 = Release|Any CPU
	EndGlobalSection
	GlobalSection(SolutionProperties) = preSolution
		HideSolutionNode = FALSE
	EndGlobalSection
	GlobalSection(ExtensibilityGlobals) = postSolution
		SolutionGuid = {F96F327C-FADB-4621-863F-B6B117BF82CC}
	EndGlobalSection
EndGlobal
